
Microsoft Visual Studio Solution File, Format Version 12.00
# Visual Studio 2013
VisualStudioVersion = 12.0.31101.0
MinimumVisualStudioVersion = 10.0.40219.1
Project("{FAE04EC0-301F-11D3-BF4B-00C04F79EFBC}") = "Web", "Web\Web.csproj", "{792B723B-D48E-47EF-B147-9B81EFDAA4F5}"
EndProject
Project("{FAE04EC0-301F-11D3-BF4B-00C04F79EFBC}") = "Web.Tests", "Web.Tests\Web.Tests.csproj", "{1E3B3FEA-92CD-4603-914F-C15CBA233D7B}"
EndProject
Global
	GlobalSection(SolutionConfigurationPlatforms) = preSolution
		Debug|Any CPU = Debug|Any CPU
		Release|Any CPU = Release|Any CPU
	EndGlobalSection
	GlobalSection(ProjectConfigurationPlatforms) = postSolution
		{792B723B-D48E-47EF-B147-9B81EFDAA4F5}.Debug|Any CPU.ActiveCfg = Debug|Any CPU
		{792B723B-D48E-47EF-B147-9B81EFDAA4F5}.Debug|Any CPU.Build.0 = Debug|Any CPU
		{792B723B-D48E-47EF-B147-9B81EFDAA4F5}.Release|Any CPU.ActiveCfg = Release|Any CPU
		{792B723B-D48E-47EF-B147-9B81EFDAA4F5}.Release|Any CPU.Build.0 = Release|Any CPU
		{1E3B3FEA-92CD-4603-914F-C15CBA233D7B}.Debug|Any CPU.ActiveCfg = Debug|Any CPU
		{1E3B3FEA-92CD-4603-914F-C15CBA233D7B}.Debug|Any CPU.Build.0 = Debug|Any CPU
		{1E3B3FEA-92CD-4603-914F-C15CBA233D7B}.Release|Any CPU.ActiveCfg = Release|Any CPU
		{1E3B3FEA-92CD-4603-914F-C15CBA233D7B}.Release|Any CPU.Build.0 = Release|Any CPU
	EndGlobalSection
	GlobalSection(SolutionProperties) = preSolution
		HideSolutionNode = FALSE
	EndGlobalSection
EndGlobal
