
Microsoft Visual Studio Solution File, Format Version 12.00
# Visual Studio 2013
VisualStudioVersion = 12.0.31101.0
MinimumVisualStudioVersion = 10.0.40219.1
Project("{FAE04EC0-301F-11D3-BF4B-00C04F79EFBC}") = "Web", "Web\Web.csproj", "{7BA5CD62-427D-4B68-B050-F7657154A7EE}"
EndProject
Project("{FAE04EC0-301F-11D3-BF4B-00C04F79EFBC}") = "Web.Tests", "Web.Tests\Web.Tests.csproj", "{D96F05C5-5BCB-4082-91FA-7A6B10DDB490}"
EndProject
Global
	GlobalSection(SolutionConfigurationPlatforms) = preSolution
		Debug|Any CPU = Debug|Any CPU
		Release|Any CPU = Release|Any CPU
	EndGlobalSection
	GlobalSection(ProjectConfigurationPlatforms) = postSolution
		{7BA5CD62-427D-4B68-B050-F7657154A7EE}.Debug|Any CPU.ActiveCfg = Debug|Any CPU
		{7BA5CD62-427D-4B68-B050-F7657154A7EE}.Debug|Any CPU.Build.0 = Debug|Any CPU
		{7BA5CD62-427D-4B68-B050-F7657154A7EE}.Release|Any CPU.ActiveCfg = Release|Any CPU
		{7BA5CD62-427D-4B68-B050-F7657154A7EE}.Release|Any CPU.Build.0 = Release|Any CPU
		{D96F05C5-5BCB-4082-91FA-7A6B10DDB490}.Debug|Any CPU.ActiveCfg = Debug|Any CPU
		{D96F05C5-5BCB-4082-91FA-7A6B10DDB490}.Debug|Any CPU.Build.0 = Debug|Any CPU
		{D96F05C5-5BCB-4082-91FA-7A6B10DDB490}.Release|Any CPU.ActiveCfg = Release|Any CPU
		{D96F05C5-5BCB-4082-91FA-7A6B10DDB490}.Release|Any CPU.Build.0 = Release|Any CPU
	EndGlobalSection
	GlobalSection(SolutionProperties) = preSolution
		HideSolutionNode = FALSE
	EndGlobalSection
EndGlobal
